<?xml version="1.0" encoding="utf-8"?>
<Project ToolsVersion="4.0" xmlns="http://schemas.microsoft.com/developer/msbuild/2003">
  <ItemGroup>
    <ClInclude Include="include\stb\stb_image.h">
      <Filter>include\stb</Filter>
    </ClInclude>
    <ClInclude Include="include\stb\stbi_image_write.h">
      <Filter>include\stb</Filter>
    </ClInclude>
    <ClInclude Include="src\camera\camera.h">
      <Filter>src\camera</Filter>
    </ClInclude>
    <ClInclude Include="src\math\vector3.h">
      <Filter>src\math</Filter>
    </ClInclude>
    <ClInclude Include="src\math\vector2.h">
      <Filter>src\math</Filter>
    </ClInclude>
    <ClInclude Include="src\core\scene.h">
      <Filter>src\core</Filter>
    </ClInclude>
    <ClInclude Include="src\material\material.h">
      <Filter>src\material</Filter>
    </ClInclude>
    <ClInclude Include="src\material\metallic.h">
      <Filter>src\material</Filter>
    </ClInclude>
    <ClInclude Include="src\material\lambertian.h">
      <Filter>src\material</Filter>
    </ClInclude>
    <ClInclude Include="src\material\dielectric.h">
      <Filter>src\material</Filter>
    </ClInclude>
    <ClInclude Include="src\math\ray.h">
      <Filter>src\math</Filter>
    </ClInclude>
    <ClInclude Include="src\math\utils.h">
      <Filter>src\math</Filter>
    </ClInclude>
    <ClInclude Include="src\math\point.h">
      <Filter>src\math</Filter>
    </ClInclude>
    <ClInclude Include="src\math\boundingvolume.h">
      <Filter>src\math</Filter>
    </ClInclude>
    <ClInclude Include="src\accelerator\bvh.h">
      <Filter>src\accelerator</Filter>
    </ClInclude>
    <ClInclude Include="src\math\random.h">
      <Filter>src\math</Filter>
    </ClInclude>
    <ClInclude Include="src\core\timer.h">
      <Filter>src\core</Filter>
    </ClInclude>
    <ClInclude Include="src\geometry\primitive.h">
      <Filter>src\geometry</Filter>
    </ClInclude>
    <ClInclude Include="src\geometry\sphere.h">
      <Filter>src\geometry</Filter>
    </ClInclude>
    <ClInclude Include="src\material\diffuselight.h">
      <Filter>src\material</Filter>
    </ClInclude>
    <ClInclude Include="accelerator.h">
      <Filter>src\accelerator</Filter>
    </ClInclude>
    <ClInclude Include="src\material\diffuselight.h">
      <Filter>src\material</Filter>
    </ClInclude>
    <ClInclude Include="system.h">
      <Filter>src\core\system</Filter>
    </ClInclude>
    <ClInclude Include="error.h">
      <Filter>src\core\system</Filter>
    </ClInclude>
    <ClInclude Include="src\math\math.h" />
  </ItemGroup>
  <ItemGroup>
    <ClCompile Include="src\core\scene.cpp">
      <Filter>src\core</Filter>
    </ClCompile>
    <ClCompile Include="src\math\ray.cpp">
      <Filter>src\math</Filter>
    </ClCompile>
    <ClCompile Include="src\main.cpp" />
    <ClCompile Include="src\math\boundingvolume.cpp">
      <Filter>src\math</Filter>
    </ClCompile>
    <ClCompile Include="src\accelerator\bvh.cpp">
      <Filter>src\accelerator</Filter>
    </ClCompile>
    <ClCompile Include="src\math\random.cpp">
      <Filter>src\math</Filter>
    </ClCompile>
    <ClCompile Include="src\geometry\sphere.cpp">
      <Filter>src\geometry</Filter>
    </ClCompile>
  </ItemGroup>
  <ItemGroup>
    <Filter Include="include">
      <UniqueIdentifier>{b1473805-af44-4336-a655-9041257f5b1d}</UniqueIdentifier>
    </Filter>
    <Filter Include="include\stb">
      <UniqueIdentifier>{79d25ba2-008d-4e27-8aea-027b0c6c822e}</UniqueIdentifier>
    </Filter>
    <Filter Include="src">
      <UniqueIdentifier>{1c345a48-8cd5-422c-b5d2-4eaa37658835}</UniqueIdentifier>
    </Filter>
    <Filter Include="src\camera">
      <UniqueIdentifier>{bc5eb998-5a84-42b2-9391-7b4a591ff5f4}</UniqueIdentifier>
    </Filter>
    <Filter Include="src\core">
      <UniqueIdentifier>{2fa08039-0e21-471c-b4bf-d1773ae19f8e}</UniqueIdentifier>
    </Filter>
    <Filter Include="src\math">
      <UniqueIdentifier>{1ca83a55-c3e3-4750-b60b-54bae4ae17fe}</UniqueIdentifier>
    </Filter>
    <Filter Include="src\material">
      <UniqueIdentifier>{b9bc16e2-5a7a-4180-8a79-fdad9aaa7988}</UniqueIdentifier>
    </Filter>
    <Filter Include="src\accelerator">
      <UniqueIdentifier>{786d9713-2cf7-4fea-9c8a-3ca782e191eb}</UniqueIdentifier>
    </Filter>
    <Filter Include="src\geometry">
      <UniqueIdentifier>{aabce800-e012-4679-8a9d-4a7460e8680c}</UniqueIdentifier>
    </Filter>
    <Filter Include="src\core\system">
      <UniqueIdentifier>{b16ae41e-8f94-4c66-af91-2fa6e6cb81dc}</UniqueIdentifier>
    </Filter>
    <Filter Include="src\core\system\profiling">
      <UniqueIdentifier>{abe10e51-9225-41ab-a622-254fce4f6bdd}</UniqueIdentifier>
    </Filter>
  </ItemGroup>
  <ItemGroup>
    <Image Include="output.png" />
  </ItemGroup>
</Project>